Microsoft Visual Studio Solution File, Format Version 12.00
# Visual Studio 2012
Project("{FAE04EC0-301F-11D3-BF4B-00C04F79EFBC}") = "Jario Party", "Jario Party.csproj", "{201AE21D-040C-45C9-8723-587619CFB699}"
EndProject
Global
	GlobalSection(SolutionConfigurationPlatforms) = preSolution
	Debug|Any CPU = Debug|Any CPU
	ExportDebug|Any CPU = ExportDebug|Any CPU
	ExportRelease|Any CPU = ExportRelease|Any CPU
	EndGlobalSection
	GlobalSection(ProjectConfigurationPlatforms) = postSolution
		{201AE21D-040C-45C9-8723-587619CFB699}.Debug|Any CPU.ActiveCfg = Debug|Any CPU
		{201AE21D-040C-45C9-8723-587619CFB699}.Debug|Any CPU.Build.0 = Debug|Any CPU
		{201AE21D-040C-45C9-8723-587619CFB699}.ExportDebug|Any CPU.ActiveCfg = ExportDebug|Any CPU
		{201AE21D-040C-45C9-8723-587619CFB699}.ExportDebug|Any CPU.Build.0 = ExportDebug|Any CPU
		{201AE21D-040C-45C9-8723-587619CFB699}.ExportRelease|Any CPU.ActiveCfg = ExportRelease|Any CPU
		{201AE21D-040C-45C9-8723-587619CFB699}.ExportRelease|Any CPU.Build.0 = ExportRelease|Any CPU
	EndGlobalSection
EndGlobal
